
Microsoft Visual Studio Solution File, Format Version 12.00
# Visual Studio Version 16
VisualStudioVersion = 16.0.30804.86
MinimumVisualStudioVersion = 10.0.40219.1
Project("{FAE04EC0-301F-11D3-BF4B-00C04F79EFBC}") = "ClassMethodDemo", "ClassMethodDemoo\ClassMethodDemo.csproj", "{84347C17-AD1C-4AA3-909C-A4441FDCC890}"
EndProject
Global
	GlobalSection(SolutionConfigurationPlatforms) = preSolution
		Debug|Any CPU = Debug|Any CPU
		Release|Any CPU = Release|Any CPU
	EndGlobalSection
	GlobalSection(ProjectConfigurationPlatforms) = postSolution
		{84347C17-AD1C-4AA3-909C-A4441FDCC890}.Debug|Any CPU.ActiveCfg = Debug|Any CPU
		{84347C17-AD1C-4AA3-909C-A4441FDCC890}.Debug|Any CPU.Build.0 = Debug|Any CPU
		{84347C17-AD1C-4AA3-909C-A4441FDCC890}.Release|Any CPU.ActiveCfg = Release|Any CPU
		{84347C17-AD1C-4AA3-909C-A4441FDCC890}.Release|Any CPU.Build.0 = Release|Any CPU
	EndGlobalSection
	GlobalSection(SolutionProperties) = preSolution
		HideSolutionNode = FALSE
	EndGlobalSection
	GlobalSection(ExtensibilityGlobals) = postSolution
		SolutionGuid = {E1246BA3-94E9-46C2-8A69-9DBB5D63B0CE}
	EndGlobalSection
EndGlobal
